
Microsoft Visual Studio Solution File, Format Version 12.00
# Visual Studio Version 16
VisualStudioVersion = 16.0.31424.327
MinimumVisualStudioVersion = 10.0.40219.1
Project("{2150E333-8FDC-42A3-9474-1A3956D46DE8}") = "Services", "Services", "{D7B745D5-2750-4D89-937F-C0BD6413F505}"
EndProject
Project("{2150E333-8FDC-42A3-9474-1A3956D46DE8}") = "Catalog", "Catalog", "{D73FDCC3-63ED-4EB5-8CF3-BD23A1402D44}"
EndProject
Project("{9A19103F-16F7-4668-BE54-9A1E7A4F7556}") = "Catalog.API", "Services\Catalog\Catalog.API\Catalog.API.csproj", "{5995DAA6-4F0D-43C2-BA36-A4CE6631D096}"
EndProject
Project("{E53339B2-1760-4266-BCC7-CA923CBCF16C}") = "docker-compose", "docker-compose.dcproj", "{452A189B-C064-4DDE-8CAC-665428109FBB}"
EndProject
Project("{2150E333-8FDC-42A3-9474-1A3956D46DE8}") = "Basket", "Basket", "{66ED364F-C8F7-4A25-BEB6-D705FF4D31AD}"
EndProject
Project("{9A19103F-16F7-4668-BE54-9A1E7A4F7556}") = "Basket.API", "Services\Basket\Basket.API\Basket.API.csproj", "{C585CAFC-6989-4F1E-8D77-82F213D1FF72}"
EndProject
Project("{2150E333-8FDC-42A3-9474-1A3956D46DE8}") = "Discount", "Discount", "{64821F27-9282-4039-9FD9-0A27E683C814}"
EndProject
Project("{9A19103F-16F7-4668-BE54-9A1E7A4F7556}") = "Discount.API", "Services\Discount\Discount.API\Discount.API.csproj", "{DEB9F21E-A3EF-48B5-859C-A3C37B547B81}"
EndProject
Project("{9A19103F-16F7-4668-BE54-9A1E7A4F7556}") = "Discount.Grpc", "Services\Discount\Discount.Grpc\Discount.Grpc.csproj", "{0DE6F278-0BF0-4532-9906-2A5A8909FAA0}"
EndProject
Project("{2150E333-8FDC-42A3-9474-1A3956D46DE8}") = "Ordering", "Ordering", "{2592AA35-73AC-4CBA-A66E-64452251AC76}"
EndProject
Project("{9A19103F-16F7-4668-BE54-9A1E7A4F7556}") = "Ordering.API", "Services\Ordering\Ordering.API\Ordering.API.csproj", "{387354FA-BAE8-4D1C-9978-9B7A7D832B39}"
EndProject
Project("{9A19103F-16F7-4668-BE54-9A1E7A4F7556}") = "Ordering.Domain", "Services\Ordering\Ordering.Domain\Ordering.Domain.csproj", "{EE065672-F1BA-4748-96B2-AB929EB30363}"
EndProject
Project("{9A19103F-16F7-4668-BE54-9A1E7A4F7556}") = "Ordering.Application", "Services\Ordering\Ordering.Application\Ordering.Application.csproj", "{5F6A2E74-63A9-4500-8637-9B98176709C4}"
EndProject
Project("{9A19103F-16F7-4668-BE54-9A1E7A4F7556}") = "Ordering.Infrastructure", "Services\Ordering\Ordering.Infrastructure\Ordering.Infrastructure.csproj", "{9D403B54-C5EA-4CAD-8907-224621769FF3}"
EndProject
Project("{2150E333-8FDC-42A3-9474-1A3956D46DE8}") = "BuildingBlocks", "BuildingBlocks", "{89D35A8E-79A9-479D-9A5E-87B19CBCC3ED}"
EndProject
Project("{9A19103F-16F7-4668-BE54-9A1E7A4F7556}") = "EventBus.Messages", "BuildingBlocks\EventBus.Messages\EventBus.Messages.csproj", "{C9C767BC-DFCF-4347-8AA3-4F9DEC71D1BE}"
EndProject
Project("{2150E333-8FDC-42A3-9474-1A3956D46DE8}") = "ApiGateways", "ApiGateways", "{118A0569-87A6-492C-8C90-D265387515D5}"
EndProject
Project("{9A19103F-16F7-4668-BE54-9A1E7A4F7556}") = "OcelotApiGw", "ApiGateways\OcelotApiGw\OcelotApiGw.csproj", "{43D43AC9-2A52-4FF2-B6BE-3582DB3B15DD}"
EndProject
Global
	GlobalSection(SolutionConfigurationPlatforms) = preSolution
		Debug|Any CPU = Debug|Any CPU
		Release|Any CPU = Release|Any CPU
	EndGlobalSection
	GlobalSection(ProjectConfigurationPlatforms) = postSolution
		{5995DAA6-4F0D-43C2-BA36-A4CE6631D096}.Debug|Any CPU.ActiveCfg = Debug|Any CPU
		{5995DAA6-4F0D-43C2-BA36-A4CE6631D096}.Debug|Any CPU.Build.0 = Debug|Any CPU
		{5995DAA6-4F0D-43C2-BA36-A4CE6631D096}.Release|Any CPU.ActiveCfg = Release|Any CPU
		{5995DAA6-4F0D-43C2-BA36-A4CE6631D096}.Release|Any CPU.Build.0 = Release|Any CPU
		{452A189B-C064-4DDE-8CAC-665428109FBB}.Debug|Any CPU.ActiveCfg = Debug|Any CPU
		{452A189B-C064-4DDE-8CAC-665428109FBB}.Debug|Any CPU.Build.0 = Debug|Any CPU
		{452A189B-C064-4DDE-8CAC-665428109FBB}.Release|Any CPU.ActiveCfg = Release|Any CPU
		{452A189B-C064-4DDE-8CAC-665428109FBB}.Release|Any CPU.Build.0 = Release|Any CPU
		{C585CAFC-6989-4F1E-8D77-82F213D1FF72}.Debug|Any CPU.ActiveCfg = Debug|Any CPU
		{C585CAFC-6989-4F1E-8D77-82F213D1FF72}.Debug|Any CPU.Build.0 = Debug|Any CPU
		{C585CAFC-6989-4F1E-8D77-82F213D1FF72}.Release|Any CPU.ActiveCfg = Release|Any CPU
		{C585CAFC-6989-4F1E-8D77-82F213D1FF72}.Release|Any CPU.Build.0 = Release|Any CPU
		{DEB9F21E-A3EF-48B5-859C-A3C37B547B81}.Debug|Any CPU.ActiveCfg = Debug|Any CPU
		{DEB9F21E-A3EF-48B5-859C-A3C37B547B81}.Debug|Any CPU.Build.0 = Debug|Any CPU
		{DEB9F21E-A3EF-48B5-859C-A3C37B547B81}.Release|Any CPU.ActiveCfg = Release|Any CPU
		{DEB9F21E-A3EF-48B5-859C-A3C37B547B81}.Release|Any CPU.Build.0 = Release|Any CPU
		{0DE6F278-0BF0-4532-9906-2A5A8909FAA0}.Debug|Any CPU.ActiveCfg = Debug|Any CPU
		{0DE6F278-0BF0-4532-9906-2A5A8909FAA0}.Debug|Any CPU.Build.0 = Debug|Any CPU
		{0DE6F278-0BF0-4532-9906-2A5A8909FAA0}.Release|Any CPU.ActiveCfg = Release|Any CPU
		{0DE6F278-0BF0-4532-9906-2A5A8909FAA0}.Release|Any CPU.Build.0 = Release|Any CPU
		{387354FA-BAE8-4D1C-9978-9B7A7D832B39}.Debug|Any CPU.ActiveCfg = Debug|Any CPU
		{387354FA-BAE8-4D1C-9978-9B7A7D832B39}.Debug|Any CPU.Build.0 = Debug|Any CPU
		{387354FA-BAE8-4D1C-9978-9B7A7D832B39}.Release|Any CPU.ActiveCfg = Release|Any CPU
		{387354FA-BAE8-4D1C-9978-9B7A7D832B39}.Release|Any CPU.Build.0 = Release|Any CPU
		{EE065672-F1BA-4748-96B2-AB929EB30363}.Debug|Any CPU.ActiveCfg = Debug|Any CPU
		{EE065672-F1BA-4748-96B2-AB929EB30363}.Debug|Any CPU.Build.0 = Debug|Any CPU
		{EE065672-F1BA-4748-96B2-AB929EB30363}.Release|Any CPU.ActiveCfg = Release|Any CPU
		{EE065672-F1BA-4748-96B2-AB929EB30363}.Release|Any CPU.Build.0 = Release|Any CPU
		{5F6A2E74-63A9-4500-8637-9B98176709C4}.Debug|Any CPU.ActiveCfg = Debug|Any CPU
		{5F6A2E74-63A9-4500-8637-9B98176709C4}.Debug|Any CPU.Build.0 = Debug|Any CPU
		{5F6A2E74-63A9-4500-8637-9B98176709C4}.Release|Any CPU.ActiveCfg = Release|Any CPU
		{5F6A2E74-63A9-4500-8637-9B98176709C4}.Release|Any CPU.Build.0 = Release|Any CPU
		{9D403B54-C5EA-4CAD-8907-224621769FF3}.Debug|Any CPU.ActiveCfg = Debug|Any CPU
		{9D403B54-C5EA-4CAD-8907-224621769FF3}.Debug|Any CPU.Build.0 = Debug|Any CPU
		{9D403B54-C5EA-4CAD-8907-224621769FF3}.Release|Any CPU.ActiveCfg = Release|Any CPU
		{9D403B54-C5EA-4CAD-8907-224621769FF3}.Release|Any CPU.Build.0 = Release|Any CPU
		{C9C767BC-DFCF-4347-8AA3-4F9DEC71D1BE}.Debug|Any CPU.ActiveCfg = Debug|Any CPU
		{C9C767BC-DFCF-4347-8AA3-4F9DEC71D1BE}.Debug|Any CPU.Build.0 = Debug|Any CPU
		{C9C767BC-DFCF-4347-8AA3-4F9DEC71D1BE}.Release|Any CPU.ActiveCfg = Release|Any CPU
		{C9C767BC-DFCF-4347-8AA3-4F9DEC71D1BE}.Release|Any CPU.Build.0 = Release|Any CPU
		{43D43AC9-2A52-4FF2-B6BE-3582DB3B15DD}.Debug|Any CPU.ActiveCfg = Debug|Any CPU
		{43D43AC9-2A52-4FF2-B6BE-3582DB3B15DD}.Debug|Any CPU.Build.0 = Debug|Any CPU
		{43D43AC9-2A52-4FF2-B6BE-3582DB3B15DD}.Release|Any CPU.ActiveCfg = Release|Any CPU
		{43D43AC9-2A52-4FF2-B6BE-3582DB3B15DD}.Release|Any CPU.Build.0 = Release|Any CPU
	EndGlobalSection
	GlobalSection(SolutionProperties) = preSolution
		HideSolutionNode = FALSE
	EndGlobalSection
	GlobalSection(NestedProjects) = preSolution
		{D73FDCC3-63ED-4EB5-8CF3-BD23A1402D44} = {D7B745D5-2750-4D89-937F-C0BD6413F505}
		{5995DAA6-4F0D-43C2-BA36-A4CE6631D096} = {D73FDCC3-63ED-4EB5-8CF3-BD23A1402D44}
		{66ED364F-C8F7-4A25-BEB6-D705FF4D31AD} = {D7B745D5-2750-4D89-937F-C0BD6413F505}
		{C585CAFC-6989-4F1E-8D77-82F213D1FF72} = {66ED364F-C8F7-4A25-BEB6-D705FF4D31AD}
		{64821F27-9282-4039-9FD9-0A27E683C814} = {D7B745D5-2750-4D89-937F-C0BD6413F505}
		{DEB9F21E-A3EF-48B5-859C-A3C37B547B81} = {64821F27-9282-4039-9FD9-0A27E683C814}
		{0DE6F278-0BF0-4532-9906-2A5A8909FAA0} = {64821F27-9282-4039-9FD9-0A27E683C814}
		{2592AA35-73AC-4CBA-A66E-64452251AC76} = {D7B745D5-2750-4D89-937F-C0BD6413F505}
		{387354FA-BAE8-4D1C-9978-9B7A7D832B39} = {2592AA35-73AC-4CBA-A66E-64452251AC76}
		{EE065672-F1BA-4748-96B2-AB929EB30363} = {2592AA35-73AC-4CBA-A66E-64452251AC76}
		{5F6A2E74-63A9-4500-8637-9B98176709C4} = {2592AA35-73AC-4CBA-A66E-64452251AC76}
		{9D403B54-C5EA-4CAD-8907-224621769FF3} = {2592AA35-73AC-4CBA-A66E-64452251AC76}
		{C9C767BC-DFCF-4347-8AA3-4F9DEC71D1BE} = {89D35A8E-79A9-479D-9A5E-87B19CBCC3ED}
		{43D43AC9-2A52-4FF2-B6BE-3582DB3B15DD} = {118A0569-87A6-492C-8C90-D265387515D5}
	EndGlobalSection
	GlobalSection(ExtensibilityGlobals) = postSolution
		SolutionGuid = {8E1489A4-2344-44C8-A988-0EF9C76D8CD6}
	EndGlobalSection
EndGlobal
