
Microsoft Visual Studio Solution File, Format Version 12.00
# Visual Studio Version 16
VisualStudioVersion = 16.0.31424.327
MinimumVisualStudioVersion = 10.0.40219.1
Project("{2150E333-8FDC-42A3-9474-1A3956D46DE8}") = "Services", "Services", "{D7B745D5-2750-4D89-937F-C0BD6413F505}"
EndProject
Project("{2150E333-8FDC-42A3-9474-1A3956D46DE8}") = "Catalog", "Catalog", "{D73FDCC3-63ED-4EB5-8CF3-BD23A1402D44}"
EndProject
Project("{9A19103F-16F7-4668-BE54-9A1E7A4F7556}") = "Catalog.API", "Services\Catalog\Catalog.API\Catalog.API.csproj", "{5995DAA6-4F0D-43C2-BA36-A4CE6631D096}"
EndProject
Project("{E53339B2-1760-4266-BCC7-CA923CBCF16C}") = "docker-compose", "docker-compose.dcproj", "{452A189B-C064-4DDE-8CAC-665428109FBB}"
EndProject
Project("{2150E333-8FDC-42A3-9474-1A3956D46DE8}") = "Basket", "Basket", "{66ED364F-C8F7-4A25-BEB6-D705FF4D31AD}"
EndProject
Project("{9A19103F-16F7-4668-BE54-9A1E7A4F7556}") = "Basket.API", "Services\Basket\Basket.API\Basket.API.csproj", "{C585CAFC-6989-4F1E-8D77-82F213D1FF72}"
EndProject
Project("{2150E333-8FDC-42A3-9474-1A3956D46DE8}") = "Discount", "Discount", "{64821F27-9282-4039-9FD9-0A27E683C814}"
EndProject
Project("{9A19103F-16F7-4668-BE54-9A1E7A4F7556}") = "Discount.API", "Services\Discount\Discount.API\Discount.API.csproj", "{DEB9F21E-A3EF-48B5-859C-A3C37B547B81}"
EndProject
Project("{FAE04EC0-301F-11D3-BF4B-00C04F79EFBC}") = "Discount.Grpc", "Services\Discount\Discount.Grpc\Discount.Grpc.csproj", "{0DE6F278-0BF0-4532-9906-2A5A8909FAA0}"
EndProject
Global
	GlobalSection(SolutionConfigurationPlatforms) = preSolution
		Debug|Any CPU = Debug|Any CPU
		Release|Any CPU = Release|Any CPU
	EndGlobalSection
	GlobalSection(ProjectConfigurationPlatforms) = postSolution
		{5995DAA6-4F0D-43C2-BA36-A4CE6631D096}.Debug|Any CPU.ActiveCfg = Debug|Any CPU
		{5995DAA6-4F0D-43C2-BA36-A4CE6631D096}.Debug|Any CPU.Build.0 = Debug|Any CPU
		{5995DAA6-4F0D-43C2-BA36-A4CE6631D096}.Release|Any CPU.ActiveCfg = Release|Any CPU
		{5995DAA6-4F0D-43C2-BA36-A4CE6631D096}.Release|Any CPU.Build.0 = Release|Any CPU
		{452A189B-C064-4DDE-8CAC-665428109FBB}.Debug|Any CPU.ActiveCfg = Debug|Any CPU
		{452A189B-C064-4DDE-8CAC-665428109FBB}.Debug|Any CPU.Build.0 = Debug|Any CPU
		{452A189B-C064-4DDE-8CAC-665428109FBB}.Release|Any CPU.ActiveCfg = Release|Any CPU
		{452A189B-C064-4DDE-8CAC-665428109FBB}.Release|Any CPU.Build.0 = Release|Any CPU
		{C585CAFC-6989-4F1E-8D77-82F213D1FF72}.Debug|Any CPU.ActiveCfg = Debug|Any CPU
		{C585CAFC-6989-4F1E-8D77-82F213D1FF72}.Debug|Any CPU.Build.0 = Debug|Any CPU
		{C585CAFC-6989-4F1E-8D77-82F213D1FF72}.Release|Any CPU.ActiveCfg = Release|Any CPU
		{C585CAFC-6989-4F1E-8D77-82F213D1FF72}.Release|Any CPU.Build.0 = Release|Any CPU
		{DEB9F21E-A3EF-48B5-859C-A3C37B547B81}.Debug|Any CPU.ActiveCfg = Debug|Any CPU
		{DEB9F21E-A3EF-48B5-859C-A3C37B547B81}.Debug|Any CPU.Build.0 = Debug|Any CPU
		{DEB9F21E-A3EF-48B5-859C-A3C37B547B81}.Release|Any CPU.ActiveCfg = Release|Any CPU
		{DEB9F21E-A3EF-48B5-859C-A3C37B547B81}.Release|Any CPU.Build.0 = Release|Any CPU
		{0DE6F278-0BF0-4532-9906-2A5A8909FAA0}.Debug|Any CPU.ActiveCfg = Debug|Any CPU
		{0DE6F278-0BF0-4532-9906-2A5A8909FAA0}.Debug|Any CPU.Build.0 = Debug|Any CPU
		{0DE6F278-0BF0-4532-9906-2A5A8909FAA0}.Release|Any CPU.ActiveCfg = Release|Any CPU
		{0DE6F278-0BF0-4532-9906-2A5A8909FAA0}.Release|Any CPU.Build.0 = Release|Any CPU
	EndGlobalSection
	GlobalSection(SolutionProperties) = preSolution
		HideSolutionNode = FALSE
	EndGlobalSection
	GlobalSection(NestedProjects) = preSolution
		{D73FDCC3-63ED-4EB5-8CF3-BD23A1402D44} = {D7B745D5-2750-4D89-937F-C0BD6413F505}
		{5995DAA6-4F0D-43C2-BA36-A4CE6631D096} = {D73FDCC3-63ED-4EB5-8CF3-BD23A1402D44}
		{66ED364F-C8F7-4A25-BEB6-D705FF4D31AD} = {D7B745D5-2750-4D89-937F-C0BD6413F505}
		{C585CAFC-6989-4F1E-8D77-82F213D1FF72} = {66ED364F-C8F7-4A25-BEB6-D705FF4D31AD}
		{64821F27-9282-4039-9FD9-0A27E683C814} = {D7B745D5-2750-4D89-937F-C0BD6413F505}
		{DEB9F21E-A3EF-48B5-859C-A3C37B547B81} = {64821F27-9282-4039-9FD9-0A27E683C814}
		{0DE6F278-0BF0-4532-9906-2A5A8909FAA0} = {64821F27-9282-4039-9FD9-0A27E683C814}
	EndGlobalSection
	GlobalSection(ExtensibilityGlobals) = postSolution
		SolutionGuid = {8E1489A4-2344-44C8-A988-0EF9C76D8CD6}
	EndGlobalSection
EndGlobal
